{
  "name": "serverless-graphql",
  "version": "0.0.0",
  "lockfileVersion": 1,
  "requires": true,
  "dependencies": {
    "babel-polyfill": {
      "version": "6.13.0",
      "resolved": "https://registry.npmjs.org/babel-polyfill/-/babel-polyfill-6.13.0.tgz",
      "integrity": "sha512-QUDdf+ttj2vDPvJJ7GigqQ18PuLYnVSiBGjiJL3JLGOQJEXSGYAqKKdQFYHiyNb28rWdac91xdmYEwSxwwR2VA==",
      "requires": {
        "babel-runtime": "^6.9.1",
        "core-js": "^2.4.0",
        "regenerator-runtime": "^0.9.5"
      }
    },
    "babel-runtime": {
      "version": "6.11.6",
      "resolved": "https://registry.npmjs.org/babel-runtime/-/babel-runtime-6.11.6.tgz",
      "integrity": "sha512-SMqmClRYw5jfeJfSutgZBOHf9X/2gadIunvWldsg1MMUStvJ1n3v+cjvOWx7etP2POJkBmtbGEk9KiJ/3sGVQg==",
      "requires": {
        "core-js": "^2.4.0",
        "regenerator-runtime": "^0.9.5"
      }
    },
    "buffer-equal-constant-time": {
      "version": "1.0.1",
      "resolved": "https://registry.npmjs.org/buffer-equal-constant-time/-/buffer-equal-constant-time-1.0.1.tgz",
      "integrity": "sha512-zRpUiDwd/xk6ADqPMATG8vc9VPrkck7T07OIx0gnjmJAnHnTVXNQG3vfvWNuiZIkwu9KrKdA1iJKfsfTVxE6NA=="
    },
    "caller-path": {
      "version": "0.1.0",
      "resolved": "https://registry.npmjs.org/caller-path/-/caller-path-0.1.0.tgz",
      "integrity": "sha512-UJiE1otjXPF5/x+T3zTnSFiTOEmJoGTD9HmBoxnCUwho61a2eSNn/VwtwuIBDAo2SEOv1AJ7ARI5gCmohFLu/g==",
      "requires": {
        "callsites": "^0.2.0"
      }
    },
    "callsites": {
      "version": "0.2.0",
      "resolved": "https://registry.npmjs.org/callsites/-/callsites-0.2.0.tgz",
      "integrity": "sha512-Zv4Dns9IbXXmPkgRRUjAaJQgfN4xX5p6+RQFhWUqscdvvK2xK/ZL8b3IXIJsj+4sD+f24NwnWy2BY8AJ82JB0A=="
    },
    "core-js": {
      "version": "2.4.1",
      "resolved": "https://registry.npmjs.org/core-js/-/core-js-2.4.1.tgz",
      "integrity": "sha512-W4Zkayb9VI4zr+s7ReDSgTTaV9KWB4L997i8/mkOV2kY1c7QGNj91k8X0zcr8Tl24oYF6kiBomCDSYO4BvQQdQ=="
    },
    "ecdsa-sig-formatter": {
      "version": "1.0.11",
      "resolved": "https://registry.npmjs.org/ecdsa-sig-formatter/-/ecdsa-sig-formatter-1.0.11.tgz",
      "integrity": "sha512-nagl3RYrbNv6kQkeJIpt6NJZy8twLB/2vtz6yN9Z4vRKHN4/QZJIEbqohALSgwKdnksuY3k5Addp5lg8sVoVcQ==",
      "requires": {
        "safe-buffer": "^5.0.1"
      }
    },
    "graphql": {
      "version": "0.6.2",
      "resolved": "https://registry.npmjs.org/graphql/-/graphql-0.6.2.tgz",
      "integrity": "sha512-xlXai+QucOoCoyf0ePDPJWlO8XtMVFdYpAPp1A2qIsNRS16yhR+jSvNZAlatlOIdimW3BimWmQMG13rmRClqzQ==",
      "requires": {
        "iterall": "1.0.2"
      }
    },
    "graphql-relay": {
      "version": "0.4.2",
      "resolved": "https://registry.npmjs.org/graphql-relay/-/graphql-relay-0.4.2.tgz",
      "integrity": "sha512-rkuLXYiRXFLM6AsvKn31qDWv5Oc2LRsBkWkTCSQYM9Fi4Zw/LPZAg+KcrkJetNV9GZ5XbMq/Ax55XpOuuh+kwA==",
      "requires": {
        "babel-runtime": "^6.9.0"
      }
    },
    "iterall": {
      "version": "1.0.2",
      "resolved": "https://registry.npmjs.org/iterall/-/iterall-1.0.2.tgz",
      "integrity": "sha512-RaKa8RHmSay1GvkTLOYRT8Ju9/Cf0DRK9z7YzS14sID4e2hkP4eknzDhTtzTboO8shZIysbVEEnmjJEHxOVIMQ=="
    },
    "jsonwebtoken": {
      "version": "9.0.0",
      "resolved": "https://registry.npmjs.org/jsonwebtoken/-/jsonwebtoken-9.0.0.tgz",
      "integrity": "sha512-tuGfYXxkQGDPnLJ7SibiQgVgeDgfbPq2k2ICcbgqW8WxWLBAxKQM/ZCu/IT8SOSwmaYl4dpTFCW5xZv7YbbWUw==",
      "requires": {
        "jws": "^3.2.2",
        "lodash": "^4.17.21",
        "ms": "^2.1.1",
        "semver": "^7.3.8"
      },
      "dependencies": {
        "lodash": {
          "version": "4.17.21",
          "resolved": "https://registry.npmjs.org/lodash/-/lodash-4.17.21.tgz",
          "integrity": "sha512-v2kDEe57lecTulaDIuNTPy3Ry4gLGJ6Z1O3vE1krgXZNrsQ+LFTGHVxVjcXPs17LhbZVGedAJv8XZ1tvj5FvSg=="
        }
      }
    },
    "jwa": {
      "version": "1.4.1",
      "resolved": "https://registry.npmjs.org/jwa/-/jwa-1.4.1.tgz",
      "integrity": "sha512-qiLX/xhEEFKUAJ6FiBMbes3w9ATzyk5W7Hvzpa/SLYdxNtng+gcurvrI7TbACjIXlsJyr05/S1oUhZrc63evQA==",
      "requires": {
        "buffer-equal-constant-time": "1.0.1",
        "ecdsa-sig-formatter": "1.0.11",
        "safe-buffer": "^5.0.1"
      }
    },
    "jws": {
      "version": "3.2.2",
      "resolved": "https://registry.npmjs.org/jws/-/jws-3.2.2.tgz",
      "integrity": "sha512-YHlZCB6lMTllWDtSPHz/ZXTsi8S00usEV6v1tjq8tOUZzw7DpSDWVXjXDre6ed1w/pd495ODpHZYSdkRTsa0HA==",
      "requires": {
        "jwa": "^1.4.1",
        "safe-buffer": "^5.0.1"
      }
    },
    "lodash": {
      "version": "4.16.3",
      "resolved": "https://registry.npmjs.org/lodash/-/lodash-4.16.3.tgz",
      "integrity": "sha512-XHD7mGAORGJeO5f32yHhWmS/9Fb13bjKedNt9EjV0tMl5dXplIWbFgLXHRjpZ41pVFdGMj8H/sdcuetZyAJ32g=="
    },
    "lru-cache": {
      "version": "6.0.0",
      "resolved": "https://registry.npmjs.org/lru-cache/-/lru-cache-6.0.0.tgz",
      "integrity": "sha512-Jo6dJ04CmSjuznwJSS3pUeWmd/H0ffTlkXXgwZi+eq1UCmqQwCh+eLsYOYCwY991i2Fah4h1BEMCx4qThGbsiA==",
      "requires": {
        "yallist": "^4.0.0"
      }
    },
    "ms": {
      "version": "2.1.3",
      "resolved": "https://registry.npmjs.org/ms/-/ms-2.1.3.tgz",
      "integrity": "sha512-6FlzubTLZG3J2a/NVCAleEhjzq5oxgHyaCU9yYXvcLsvoVaHJq/s5xXI6/XXP6tz7R9xAOtHnSO/tXtF3WRTlA=="
    },
    "regenerator-runtime": {
      "version": "0.9.5",
      "resolved": "https://registry.npmjs.org/regenerator-runtime/-/regenerator-runtime-0.9.5.tgz",
      "integrity": "sha512-yfa7FL3t5vHRZm8oR2GIhyCA70HKJdHP4zJ6/M5FCfzEvkP5qUfuy2+uH7P8N6rpRBHotcLOAtKVkXUv4qBR6w=="
    },
    "require-clean": {
      "version": "0.1.3",
      "resolved": "https://registry.npmjs.org/require-clean/-/require-clean-0.1.3.tgz",
      "integrity": "sha512-DB+qJqsv+vXJEPtDSfibtwc4iJTBNJnMXw82cO7TkzGs80Tla2zqBY19P2s4wyslhLA98cmkQr1ErKupwTDpeA==",
      "requires": {
        "caller-path": "^0.1.0",
        "lodash": "3.x",
        "resolve-from": "^1.0.0"
      },
      "dependencies": {
        "lodash": {
          "version": "3.10.1",
          "resolved": "https://registry.npmjs.org/lodash/-/lodash-3.10.1.tgz",
          "integrity": "sha512-9mDDwqVIma6OZX79ZlDACZl8sBm0TEnkf99zV3iMA4GzkIT/9hiqP5mY0HoT1iNLCrKc/R1HByV+yJfRWVJryQ=="
        }
      }
    },
    "resolve-from": {
      "version": "1.0.1",
      "resolved": "https://registry.npmjs.org/resolve-from/-/resolve-from-1.0.1.tgz",
      "integrity": "sha512-kT10v4dhrlLNcnO084hEjvXCI1wUG9qZLoz2RogxqDQQYy7IxjI/iMUkOtQTNEh6rzHxvdQWHsJyel1pKOVCxg=="
    },
    "safe-buffer": {
      "version": "5.2.1",
      "resolved": "https://registry.npmjs.org/safe-buffer/-/safe-buffer-5.2.1.tgz",
      "integrity": "sha512-rp3So07KcdmmKbGvgaNxQSJr7bGVSVk5S9Eq1F+ppbRo70+YeaDxkw5Dd8NPN+GD6bjnYm2VuPuCXmpuYvmCXQ=="
    },
    "semver": {
      "version": "7.6.0",
      "resolved": "https://registry.npmjs.org/semver/-/semver-7.6.0.tgz",
      "integrity": "sha512-EnwXhrlwXMk9gKu5/flx5sv/an57AkRplG3hTK68W7FRDN+k+OWBj65M7719OkA82XLBxrcX0KSHj+X5COhOVg==",
      "requires": {
        "lru-cache": "^6.0.0"
      }
    },
    "uuid-js": {
      "version": "0.7.5",
      "resolved": "https://registry.npmjs.org/uuid-js/-/uuid-js-0.7.5.tgz",
      "integrity": "sha512-lJFducSMfVDO3E1wBe/zflgU25JbpX9KfF+g0k6OxIt9xeybdZd27n75vPg+4cLN55UKGjJ46w3K3q3l+8KgkQ=="
    },
    "yallist": {
      "version": "4.0.0",
      "resolved": "https://registry.npmjs.org/yallist/-/yallist-4.0.0.tgz",
      "integrity": "sha512-3wdGidZyq5PB084XLES5TpOSRA3wjXAlIWMhum2kRcv/41Sn2emQ0dycQW4uZXLejwKvg6EsvbdlVL+FYEct7A=="
    }
  }
}
